# This file is automatically @generated by Cargo.
# It is not intended for manual editing.
version = 4

[[package]]
name = "array_list"
version = "0.1.0"

[[package]]
name = "linked_list"
version = "0.1.0"

[[package]]
name = "rust-dsa"
version = "0.1.0"

[[package]]
name = "stack-rs"
version = "0.1.0"

[[package]]
name = "test-flag"
version = "0.1.0"

[[package]]
name = "vector-unprotected"
version = "0.1.0"
